# THIS IS AN AUTOGENERATED FILE. DO NOT EDIT THIS FILE DIRECTLY.
# yarn lockfile v1


colors@^1.1.2:
  version "1.1.2"
  resolved "https://registry.yarnpkg.com/colors/-/colors-1.1.2.tgz#168a4701756b6a7f51a12ce0c97bfa28c084ed63"

commander@^2.11.0:
  version "2.11.0"
  resolved "https://registry.yarnpkg.com/commander/-/commander-2.11.0.tgz#157152fd1e7a6c8d98a5b715cf376df928004563"

g@^2.0.1:
  version "2.0.1"
  resolved "https://registry.yarnpkg.com/g/-/g-2.0.1.tgz#0b5963ebd0ca70e3bc8c6766934a021821c8b857"

object-plain-string@^1.0.1:
  version "1.0.3"
  resolved "https://registry.yarnpkg.com/object-plain-string/-/object-plain-string-1.0.3.tgz#cece6898365d9cad789586c282eab8693a3b2a63"
